
Microsoft Visual Studio Solution File, Format Version 12.00
# Visual Studio Version 17
VisualStudioVersion = 17.0.31717.71
MinimumVisualStudioVersion = 10.0.40219.1
Project("{FAE04EC0-301F-11D3-BF4B-00C04F79EFBC}") = "LogGateway", "LogGateway\LogGateway.csproj", "{ABFBEEAC-E5FA-4D87-9693-D2EF4FA59A41}"
EndProject
Global
	GlobalSection(SolutionConfigurationPlatforms) = preSolution
		Debug|Any CPU = Debug|Any CPU
		Release|Any CPU = Release|Any CPU
	EndGlobalSection
	GlobalSection(ProjectConfigurationPlatforms) = postSolution
		{ABFBEEAC-E5FA-4D87-9693-D2EF4FA59A41}.Debug|Any CPU.ActiveCfg = Debug|Any CPU
		{ABFBEEAC-E5FA-4D87-9693-D2EF4FA59A41}.Debug|Any CPU.Build.0 = Debug|Any CPU
		{ABFBEEAC-E5FA-4D87-9693-D2EF4FA59A41}.Release|Any CPU.ActiveCfg = Release|Any CPU
		{ABFBEEAC-E5FA-4D87-9693-D2EF4FA59A41}.Release|Any CPU.Build.0 = Release|Any CPU
	EndGlobalSection
	GlobalSection(SolutionProperties) = preSolution
		HideSolutionNode = FALSE
	EndGlobalSection
	GlobalSection(ExtensibilityGlobals) = postSolution
		SolutionGuid = {CE30261F-C2A0-44E8-846E-157D1708BEB2}
	EndGlobalSection
EndGlobal
